
Microsoft Visual Studio Solution File, Format Version 12.00
# Visual Studio Version 17
VisualStudioVersion = 17.9.34902.65
MinimumVisualStudioVersion = 10.0.40219.1
Project("{FAE04EC0-301F-11D3-BF4B-00C04F79EFBC}") = "fitness-progress-service", "fitness-progress-service\fitness-progress-service.csproj", "{6894BC4D-2DF8-4302-9938-42701184365F}"
EndProject
Project("{9A19103F-16F7-4668-BE54-9A1E7A4F7556}") = "fitness-db", "..\fitness-db\fitness-db\fitness-db.csproj", "{43BED3A8-52F2-499D-935E-E7D7F815884C}"
EndProject
Global
	GlobalSection(SolutionConfigurationPlatforms) = preSolution
		Debug|Any CPU = Debug|Any CPU
		Release|Any CPU = Release|Any CPU
	EndGlobalSection
	GlobalSection(ProjectConfigurationPlatforms) = postSolution
		{6894BC4D-2DF8-4302-9938-42701184365F}.Debug|Any CPU.ActiveCfg = Debug|Any CPU
		{6894BC4D-2DF8-4302-9938-42701184365F}.Debug|Any CPU.Build.0 = Debug|Any CPU
		{6894BC4D-2DF8-4302-9938-42701184365F}.Release|Any CPU.ActiveCfg = Release|Any CPU
		{6894BC4D-2DF8-4302-9938-42701184365F}.Release|Any CPU.Build.0 = Release|Any CPU
		{43BED3A8-52F2-499D-935E-E7D7F815884C}.Debug|Any CPU.ActiveCfg = Debug|Any CPU
		{43BED3A8-52F2-499D-935E-E7D7F815884C}.Debug|Any CPU.Build.0 = Debug|Any CPU
		{43BED3A8-52F2-499D-935E-E7D7F815884C}.Release|Any CPU.ActiveCfg = Release|Any CPU
		{43BED3A8-52F2-499D-935E-E7D7F815884C}.Release|Any CPU.Build.0 = Release|Any CPU
	EndGlobalSection
	GlobalSection(SolutionProperties) = preSolution
		HideSolutionNode = FALSE
	EndGlobalSection
	GlobalSection(ExtensibilityGlobals) = postSolution
		SolutionGuid = {D757FADE-B088-465B-8F34-520F4B2C2063}
	EndGlobalSection
EndGlobal
